
Microsoft Visual Studio Solution File, Format Version 12.00
# Visual Studio Version 17
VisualStudioVersion = 17.11.35327.3
MinimumVisualStudioVersion = 10.0.40219.1
Project("{FAE04EC0-301F-11D3-BF4B-00C04F79EFBC}") = "SitecTestTask", "SitecTestTask.csproj", "{FE0510E7-2ED9-49A3-A58F-76A06A380C4F}"
EndProject
Global
	GlobalSection(SolutionConfigurationPlatforms) = preSolution
		Debug|Any CPU = Debug|Any CPU
		Release|Any CPU = Release|Any CPU
	EndGlobalSection
	GlobalSection(ProjectConfigurationPlatforms) = postSolution
		{FE0510E7-2ED9-49A3-A58F-76A06A380C4F}.Debug|Any CPU.ActiveCfg = Debug|Any CPU
		{FE0510E7-2ED9-49A3-A58F-76A06A380C4F}.Debug|Any CPU.Build.0 = Debug|Any CPU
		{FE0510E7-2ED9-49A3-A58F-76A06A380C4F}.Release|Any CPU.ActiveCfg = Release|Any CPU
		{FE0510E7-2ED9-49A3-A58F-76A06A380C4F}.Release|Any CPU.Build.0 = Release|Any CPU
	EndGlobalSection
	GlobalSection(SolutionProperties) = preSolution
		HideSolutionNode = FALSE
	EndGlobalSection
	GlobalSection(ExtensibilityGlobals) = postSolution
		SolutionGuid = {A6A669C8-4EE4-4754-9E15-588879B57791}
	EndGlobalSection
EndGlobal
